
Microsoft Visual Studio Solution File, Format Version 12.00
# Visual Studio Version 17
VisualStudioVersion = 17.13.35913.81 d17.13
MinimumVisualStudioVersion = 10.0.40219.1
Project("{888888A0-9F3D-457C-B088-3A5042F75D52}") = "snake_case", "snake_case\snake_case.pyproj", "{2A634157-078C-49F5-B6C6-4B52FD2DA026}"
EndProject
Global
	GlobalSection(SolutionConfigurationPlatforms) = preSolution
		Debug|Any CPU = Debug|Any CPU
		Release|Any CPU = Release|Any CPU
	EndGlobalSection
	GlobalSection(ProjectConfigurationPlatforms) = postSolution
		{2A634157-078C-49F5-B6C6-4B52FD2DA026}.Debug|Any CPU.ActiveCfg = Debug|Any CPU
		{2A634157-078C-49F5-B6C6-4B52FD2DA026}.Release|Any CPU.ActiveCfg = Release|Any CPU
	EndGlobalSection
	GlobalSection(SolutionProperties) = preSolution
		HideSolutionNode = FALSE
	EndGlobalSection
	GlobalSection(ExtensibilityGlobals) = postSolution
		SolutionGuid = {D0286DFB-EE24-4F1F-99EC-A6892B26C4DE}
	EndGlobalSection
EndGlobal
