
Microsoft Visual Studio Solution File, Format Version 12.00
# Visual Studio Version 17
VisualStudioVersion = 17.13.35913.81 d17.13
MinimumVisualStudioVersion = 10.0.40219.1
Project("{888888A0-9F3D-457C-B088-3A5042F75D52}") = "correct_casing", "correct_casing\correct_casing.pyproj", "{E1127AEC-BA5C-40A7-8CD6-89723C801AA9}"
EndProject
Global
	GlobalSection(SolutionConfigurationPlatforms) = preSolution
		Debug|Any CPU = Debug|Any CPU
		Release|Any CPU = Release|Any CPU
	EndGlobalSection
	GlobalSection(ProjectConfigurationPlatforms) = postSolution
		{E1127AEC-BA5C-40A7-8CD6-89723C801AA9}.Debug|Any CPU.ActiveCfg = Debug|Any CPU
		{E1127AEC-BA5C-40A7-8CD6-89723C801AA9}.Release|Any CPU.ActiveCfg = Release|Any CPU
	EndGlobalSection
	GlobalSection(SolutionProperties) = preSolution
		HideSolutionNode = FALSE
	EndGlobalSection
	GlobalSection(ExtensibilityGlobals) = postSolution
		SolutionGuid = {D7846B7C-FEFB-49FD-B059-2C2C3236B44F}
	EndGlobalSection
EndGlobal
