
Microsoft Visual Studio Solution File, Format Version 12.00
# Visual Studio Version 17
VisualStudioVersion = 17.13.35913.81 d17.13
MinimumVisualStudioVersion = 10.0.40219.1
Project("{888888A0-9F3D-457C-B088-3A5042F75D52}") = "pascal_case", "pascal_case\pascal_case.pyproj", "{C58811ED-4330-407E-92E3-09A106A9E533}"
EndProject
Global
	GlobalSection(SolutionConfigurationPlatforms) = preSolution
		Debug|Any CPU = Debug|Any CPU
		Release|Any CPU = Release|Any CPU
	EndGlobalSection
	GlobalSection(ProjectConfigurationPlatforms) = postSolution
		{C58811ED-4330-407E-92E3-09A106A9E533}.Debug|Any CPU.ActiveCfg = Debug|Any CPU
		{C58811ED-4330-407E-92E3-09A106A9E533}.Release|Any CPU.ActiveCfg = Release|Any CPU
	EndGlobalSection
	GlobalSection(SolutionProperties) = preSolution
		HideSolutionNode = FALSE
	EndGlobalSection
	GlobalSection(ExtensibilityGlobals) = postSolution
		SolutionGuid = {ED342CE1-3D67-492B-827A-4317ECE9D2A0}
	EndGlobalSection
EndGlobal
